// !$*UTF8*$!
{
	archiveVersion = 1;
	classes = {
	};
	objectVersion = 46;
	objects = {

/* Begin PBXBuildFile section */
		21D0DD4F2CA9F2F5EBC06345 /* Pods_TestTaskK.framework in Frameworks */ = {isa = PBXBuildFile; fileRef = 0F8AAADDFBE34DECD043352A /* Pods_TestTaskK.framework */; };
		7113C8C51F1230DB00E7A158 /* main.m in Sources */ = {isa = PBXBuildFile; fileRef = 7113C8C41F1230DB00E7A158 /* main.m */; };
		7113C8C81F1230DB00E7A158 /* AppDelegate.m in Sources */ = {isa = PBXBuildFile; fileRef = 7113C8C71F1230DB00E7A158 /* AppDelegate.m */; };
		7113C8CE1F1230DB00E7A158 /* Main.storyboard in Resources */ = {isa = PBXBuildFile; fileRef = 7113C8CC1F1230DB00E7A158 /* Main.storyboard */; };
		7113C8D11F1230DB00E7A158 /* TestTaskK.xcdatamodeld in Sources */ = {isa = PBXBuildFile; fileRef = 7113C8CF1F1230DB00E7A158 /* TestTaskK.xcdatamodeld */; };
		7113C8D31F1230DB00E7A158 /* Assets.xcassets in Resources */ = {isa = PBXBuildFile; fileRef = 7113C8D21F1230DB00E7A158 /* Assets.xcassets */; };
		7113C8D61F1230DB00E7A158 /* LaunchScreen.storyboard in Resources */ = {isa = PBXBuildFile; fileRef = 7113C8D41F1230DB00E7A158 /* LaunchScreen.storyboard */; };
		7113C8DF1F12311400E7A158 /* AKDataManager.m in Sources */ = {isa = PBXBuildFile; fileRef = 7113C8DE1F12311400E7A158 /* AKDataManager.m */; };
		7113C8E41F12334F00E7A158 /* AKViewControllerCountry.m in Sources */ = {isa = PBXBuildFile; fileRef = 7113C8E31F12334F00E7A158 /* AKViewControllerCountry.m */; };
		7113C8EE1F123DAB00E7A158 /* AKCityEntity+CoreDataClass.m in Sources */ = {isa = PBXBuildFile; fileRef = 7113C8E71F123DAB00E7A158 /* AKCityEntity+CoreDataClass.m */; };
		7113C8EF1F123DAB00E7A158 /* AKCityEntity+CoreDataProperties.m in Sources */ = {isa = PBXBuildFile; fileRef = 7113C8E91F123DAB00E7A158 /* AKCityEntity+CoreDataProperties.m */; };
		7113C8F01F123DAB00E7A158 /* AKCountryEntity+CoreDataClass.m in Sources */ = {isa = PBXBuildFile; fileRef = 7113C8EB1F123DAB00E7A158 /* AKCountryEntity+CoreDataClass.m */; };
		7113C8F11F123DAB00E7A158 /* AKCountryEntity+CoreDataProperties.m in Sources */ = {isa = PBXBuildFile; fileRef = 7113C8ED1F123DAB00E7A158 /* AKCountryEntity+CoreDataProperties.m */; };
		715307811F126CAA0033BDE9 /* AKViewControllerCity.m in Sources */ = {isa = PBXBuildFile; fileRef = 715307801F126CAA0033BDE9 /* AKViewControllerCity.m */; };
		7163625E1F12B6F800F80D71 /* AKViewControllerDescription.m in Sources */ = {isa = PBXBuildFile; fileRef = 7163625D1F12B6F800F80D71 /* AKViewControllerDescription.m */; };
/* End PBXBuildFile section */

/* Begin PBXFileReference section */
		0F8AAADDFBE34DECD043352A /* Pods_TestTaskK.framework */ = {isa = PBXFileReference; explicitFileType = wrapper.framework; includeInIndex = 0; path = Pods_TestTaskK.framework; sourceTree = BUILT_PRODUCTS_DIR; };
		68CB59671961FC920F7A262A /* Pods-TestTaskK.debug.xcconfig */ = {isa = PBXFileReference; includeInIndex = 1; lastKnownFileType = text.xcconfig; name = "Pods-TestTaskK.debug.xcconfig"; path = "Pods/Target Support Files/Pods-TestTaskK/Pods-TestTaskK.debug.xcconfig"; sourceTree = "<group>"; };
		7113C8C01F1230DB00E7A158 /* TestTaskK.app */ = {isa = PBXFileReference; explicitFileType = wrapper.application; includeInIndex = 0; path = TestTaskK.app; sourceTree = BUILT_PRODUCTS_DIR; };
		7113C8C41F1230DB00E7A158 /* main.m */ = {isa = PBXFileReference; lastKnownFileType = sourcecode.c.objc; path = main.m; sourceTree = "<group>"; };
		7113C8C61F1230DB00E7A158 /* AppDelegate.h */ = {isa = PBXFileReference; lastKnownFileType = sourcecode.c.h; path = AppDelegate.h; sourceTree = "<group>"; };
		7113C8C71F1230DB00E7A158 /* AppDelegate.m */ = {isa = PBXFileReference; lastKnownFileType = sourcecode.c.objc; path = AppDelegate.m; sourceTree = "<group>"; };
		7113C8CD1F1230DB00E7A158 /* Base */ = {isa = PBXFileReference; lastKnownFileType = file.storyboard; name = Base; path = Base.lproj/Main.storyboard; sourceTree = "<group>"; };
		7113C8D01F1230DB00E7A158 /* TestTaskK.xcdatamodel */ = {isa = PBXFileReference; lastKnownFileType = wrapper.xcdatamodel; path = TestTaskK.xcdatamodel; sourceTree = "<group>"; };
		7113C8D21F1230DB00E7A158 /* Assets.xcassets */ = {isa = PBXFileReference; lastKnownFileType = folder.assetcatalog; path = Assets.xcassets; sourceTree = "<group>"; };
		7113C8D51F1230DB00E7A158 /* Base */ = {isa = PBXFileReference; lastKnownFileType = file.storyboard; name = Base; path = Base.lproj/LaunchScreen.storyboard; sourceTree = "<group>"; };
		7113C8D71F1230DB00E7A158 /* Info.plist */ = {isa = PBXFileReference; lastKnownFileType = text.plist.xml; path = Info.plist; sourceTree = "<group>"; };
		7113C8DD1F12311400E7A158 /* AKDataManager.h */ = {isa = PBXFileReference; fileEncoding = 4; lastKnownFileType = sourcecode.c.h; name = AKDataManager.h; path = TestTaskK/AKDataManager.h; sourceTree = "<group>"; };
		7113C8DE1F12311400E7A158 /* AKDataManager.m */ = {isa = PBXFileReference; fileEncoding = 4; lastKnownFileType = sourcecode.c.objc; name = AKDataManager.m; path = TestTaskK/AKDataManager.m; sourceTree = "<group>"; };
		7113C8E21F12334F00E7A158 /* AKViewControllerCountry.h */ = {isa = PBXFileReference; fileEncoding = 4; lastKnownFileType = sourcecode.c.h; path = AKViewControllerCountry.h; sourceTree = "<group>"; };
		7113C8E31F12334F00E7A158 /* AKViewControllerCountry.m */ = {isa = PBXFileReference; fileEncoding = 4; lastKnownFileType = sourcecode.c.objc; path = AKViewControllerCountry.m; sourceTree = "<group>"; };
		7113C8E61F123DAB00E7A158 /* AKCityEntity+CoreDataClass.h */ = {isa = PBXFileReference; fileEncoding = 4; lastKnownFileType = sourcecode.c.h; path = "AKCityEntity+CoreDataClass.h"; sourceTree = "<group>"; };
		7113C8E71F123DAB00E7A158 /* AKCityEntity+CoreDataClass.m */ = {isa = PBXFileReference; fileEncoding = 4; lastKnownFileType = sourcecode.c.objc; path = "AKCityEntity+CoreDataClass.m"; sourceTree = "<group>"; };
		7113C8E81F123DAB00E7A158 /* AKCityEntity+CoreDataProperties.h */ = {isa = PBXFileReference; fileEncoding = 4; lastKnownFileType = sourcecode.c.h; path = "AKCityEntity+CoreDataProperties.h"; sourceTree = "<group>"; };
		7113C8E91F123DAB00E7A158 /* AKCityEntity+CoreDataProperties.m */ = {isa = PBXFileReference; fileEncoding = 4; lastKnownFileType = sourcecode.c.objc; path = "AKCityEntity+CoreDataProperties.m"; sourceTree = "<group>"; };
		7113C8EA1F123DAB00E7A158 /* AKCountryEntity+CoreDataClass.h */ = {isa = PBXFileReference; fileEncoding = 4; lastKnownFileType = sourcecode.c.h; path = "AKCountryEntity+CoreDataClass.h"; sourceTree = "<group>"; };
		7113C8EB1F123DAB00E7A158 /* AKCountryEntity+CoreDataClass.m */ = {isa = PBXFileReference; fileEncoding = 4; lastKnownFileType = sourcecode.c.objc; path = "AKCountryEntity+CoreDataClass.m"; sourceTree = "<group>"; };
		7113C8EC1F123DAB00E7A158 /* AKCountryEntity+CoreDataProperties.h */ = {isa = PBXFileReference; fileEncoding = 4; lastKnownFileType = sourcecode.c.h; path = "AKCountryEntity+CoreDataProperties.h"; sourceTree = "<group>"; };
		7113C8ED1F123DAB00E7A158 /* AKCountryEntity+CoreDataProperties.m */ = {isa = PBXFileReference; fileEncoding = 4; lastKnownFileType = sourcecode.c.objc; path = "AKCountryEntity+CoreDataProperties.m"; sourceTree = "<group>"; };
		7153077F1F126CAA0033BDE9 /* AKViewControllerCity.h */ = {isa = PBXFileReference; fileEncoding = 4; lastKnownFileType = sourcecode.c.h; path = AKViewControllerCity.h; sourceTree = "<group>"; };
		715307801F126CAA0033BDE9 /* AKViewControllerCity.m */ = {isa = PBXFileReference; fileEncoding = 4; lastKnownFileType = sourcecode.c.objc; path = AKViewControllerCity.m; sourceTree = "<group>"; };
		7163625C1F12B6F800F80D71 /* AKViewControllerDescription.h */ = {isa = PBXFileReference; fileEncoding = 4; lastKnownFileType = sourcecode.c.h; path = AKViewControllerDescription.h; sourceTree = "<group>"; };
		7163625D1F12B6F800F80D71 /* AKViewControllerDescription.m */ = {isa = PBXFileReference; fileEncoding = 4; lastKnownFileType = sourcecode.c.objc; path = AKViewControllerDescription.m; sourceTree = "<group>"; };
		B36411050CFFE542E47B14C8 /* Pods-TestTaskK.release.xcconfig */ = {isa = PBXFileReference; includeInIndex = 1; lastKnownFileType = text.xcconfig; name = "Pods-TestTaskK.release.xcconfig"; path = "Pods/Target Support Files/Pods-TestTaskK/Pods-TestTaskK.release.xcconfig"; sourceTree = "<group>"; };
/* End PBXFileReference section */

/* Begin PBXFrameworksBuildPhase section */
		7113C8BD1F1230DB00E7A158 /* Frameworks */ = {
			isa = PBXFrameworksBuildPhase;
			buildActionMask = 2147483647;
			files = (
				21D0DD4F2CA9F2F5EBC06345 /* Pods_TestTaskK.framework in Frameworks */,
			);
			runOnlyForDeploymentPostprocessing = 0;
		};
/* End PBXFrameworksBuildPhase section */

/* Begin PBXGroup section */
		1C781C8DAC1AEC5406F95C30 /* Pods */ = {
			isa = PBXGroup;
			children = (
				68CB59671961FC920F7A262A /* Pods-TestTaskK.debug.xcconfig */,
				B36411050CFFE542E47B14C8 /* Pods-TestTaskK.release.xcconfig */,
			);
			name = Pods;
			sourceTree = "<group>";
		};
		7113C8B71F1230DB00E7A158 = {
			isa = PBXGroup;
			children = (
				7113C8E51F123D8700E7A158 /* CoreData */,
				7113C8E11F1232C900E7A158 /* VCs */,
				7113C8E01F12312000E7A158 /* Model */,
				7113C8C21F1230DB00E7A158 /* TestTaskK */,
				7113C8C11F1230DB00E7A158 /* Products */,
				1C781C8DAC1AEC5406F95C30 /* Pods */,
				A025FBFDA30AA51A531F0497 /* Frameworks */,
			);
			sourceTree = "<group>";
		};
		7113C8C11F1230DB00E7A158 /* Products */ = {
			isa = PBXGroup;
			children = (
				7113C8C01F1230DB00E7A158 /* TestTaskK.app */,
			);
			name = Products;
			sourceTree = "<group>";
		};
		7113C8C21F1230DB00E7A158 /* TestTaskK */ = {
			isa = PBXGroup;
			children = (
				7113C8C61F1230DB00E7A158 /* AppDelegate.h */,
				7113C8C71F1230DB00E7A158 /* AppDelegate.m */,
				7113C8CC1F1230DB00E7A158 /* Main.storyboard */,
				7113C8D21F1230DB00E7A158 /* Assets.xcassets */,
				7113C8D41F1230DB00E7A158 /* LaunchScreen.storyboard */,
				7113C8D71F1230DB00E7A158 /* Info.plist */,
				7113C8C31F1230DB00E7A158 /* Supporting Files */,
			);
			path = TestTaskK;
			sourceTree = "<group>";
		};
		7113C8C31F1230DB00E7A158 /* Supporting Files */ = {
			isa = PBXGroup;
			children = (
				7113C8C41F1230DB00E7A158 /* main.m */,
			);
			name = "Supporting Files";
			sourceTree = "<group>";
		};
		7113C8E01F12312000E7A158 /* Model */ = {
			isa = PBXGroup;
			children = (
				7113C8DD1F12311400E7A158 /* AKDataManager.h */,
				7113C8DE1F12311400E7A158 /* AKDataManager.m */,
			);
			name = Model;
			sourceTree = "<group>";
		};
		7113C8E11F1232C900E7A158 /* VCs */ = {
			isa = PBXGroup;
			children = (
				7113C8E21F12334F00E7A158 /* AKViewControllerCountry.h */,
				7113C8E31F12334F00E7A158 /* AKViewControllerCountry.m */,
				7153077F1F126CAA0033BDE9 /* AKViewControllerCity.h */,
				715307801F126CAA0033BDE9 /* AKViewControllerCity.m */,
				7163625C1F12B6F800F80D71 /* AKViewControllerDescription.h */,
				7163625D1F12B6F800F80D71 /* AKViewControllerDescription.m */,
			);
			name = VCs;
			sourceTree = "<group>";
		};
		7113C8E51F123D8700E7A158 /* CoreData */ = {
			isa = PBXGroup;
			children = (
				7113C8E61F123DAB00E7A158 /* AKCityEntity+CoreDataClass.h */,
				7113C8E71F123DAB00E7A158 /* AKCityEntity+CoreDataClass.m */,
				7113C8E81F123DAB00E7A158 /* AKCityEntity+CoreDataProperties.h */,
				7113C8E91F123DAB00E7A158 /* AKCityEntity+CoreDataProperties.m */,
				7113C8EA1F123DAB00E7A158 /* AKCountryEntity+CoreDataClass.h */,
				7113C8EB1F123DAB00E7A158 /* AKCountryEntity+CoreDataClass.m */,
				7113C8EC1F123DAB00E7A158 /* AKCountryEntity+CoreDataProperties.h */,
				7113C8ED1F123DAB00E7A158 /* AKCountryEntity+CoreDataProperties.m */,
				7113C8CF1F1230DB00E7A158 /* TestTaskK.xcdatamodeld */,
			);
			name = CoreData;
			sourceTree = "<group>";
		};
		A025FBFDA30AA51A531F0497 /* Frameworks */ = {
			isa = PBXGroup;
			children = (
				0F8AAADDFBE34DECD043352A /* Pods_TestTaskK.framework */,
			);
			name = Frameworks;
			sourceTree = "<group>";
		};
/* End PBXGroup section */

/* Begin PBXNativeTarget section */
		7113C8BF1F1230DB00E7A158 /* TestTaskK */ = {
			isa = PBXNativeTarget;
			buildConfigurationList = 7113C8DA1F1230DB00E7A158 /* Build configuration list for PBXNativeTarget "TestTaskK" */;
			buildPhases = (
				4EF0A3E331380CDBCD56C8C6 /* [CP] Check Pods Manifest.lock */,
				7113C8BC1F1230DB00E7A158 /* Sources */,
				7113C8BD1F1230DB00E7A158 /* Frameworks */,
				7113C8BE1F1230DB00E7A158 /* Resources */,
				1F3790FD1180A583E354B25B /* [CP] Embed Pods Frameworks */,
				94E94FDD9DF570383A2A8D89 /* [CP] Copy Pods Resources */,
			);
			buildRules = (
			);
			dependencies = (
			);
			name = TestTaskK;
			productName = TestTaskK;
			productReference = 7113C8C01F1230DB00E7A158 /* TestTaskK.app */;
			productType = "com.apple.product-type.application";
		};
/* End PBXNativeTarget section */

/* Begin PBXProject section */
		7113C8B81F1230DB00E7A158 /* Project object */ = {
			isa = PBXProject;
			attributes = {
				LastUpgradeCheck = 0830;
				ORGANIZATIONNAME = "Alexei Karas";
				TargetAttributes = {
					7113C8BF1F1230DB00E7A158 = {
						CreatedOnToolsVersion = 8.3.3;
						DevelopmentTeam = RAWS9LK9VU;
						ProvisioningStyle = Automatic;
					};
				};
			};
			buildConfigurationList = 7113C8BB1F1230DB00E7A158 /* Build configuration list for PBXProject "TestTaskK" */;
			compatibilityVersion = "Xcode 3.2";
			developmentRegion = English;
			hasScannedForEncodings = 0;
			knownRegions = (
				en,
				Base,
			);
			mainGroup = 7113C8B71F1230DB00E7A158;
			productRefGroup = 7113C8C11F1230DB00E7A158 /* Products */;
			projectDirPath = "";
			projectRoot = "";
			targets = (
				7113C8BF1F1230DB00E7A158 /* TestTaskK */,
			);
		};
/* End PBXProject section */

/* Begin PBXResourcesBuildPhase section */
		7113C8BE1F1230DB00E7A158 /* Resources */ = {
			isa = PBXResourcesBuildPhase;
			buildActionMask = 2147483647;
			files = (
				7113C8D61F1230DB00E7A158 /* LaunchScreen.storyboard in Resources */,
				7113C8D31F1230DB00E7A158 /* Assets.xcassets in Resources */,
				7113C8CE1F1230DB00E7A158 /* Main.storyboard in Resources */,
			);
			runOnlyForDeploymentPostprocessing = 0;
		};
/* End PBXResourcesBuildPhase section */

/* Begin PBXShellScriptBuildPhase section */
		1F3790FD1180A583E354B25B /* [CP] Embed Pods Frameworks */ = {
			isa = PBXShellScriptBuildPhase;
			buildActionMask = 2147483647;
			files = (
			);
			inputPaths = (
			);
			name = "[CP] Embed Pods Frameworks";
			outputPaths = (
			);
			runOnlyForDeploymentPostprocessing = 0;
			shellPath = /bin/sh;
			shellScript = "\"${SRCROOT}/Pods/Target Support Files/Pods-TestTaskK/Pods-TestTaskK-frameworks.sh\"\n";
			showEnvVarsInLog = 0;
		};
		4EF0A3E331380CDBCD56C8C6 /* [CP] Check Pods Manifest.lock */ = {
			isa = PBXShellScriptBuildPhase;
			buildActionMask = 2147483647;
			files = (
			);
			inputPaths = (
			);
			name = "[CP] Check Pods Manifest.lock";
			outputPaths = (
			);
			runOnlyForDeploymentPostprocessing = 0;
			shellPath = /bin/sh;
			shellScript = "diff \"${PODS_PODFILE_DIR_PATH}/Podfile.lock\" \"${PODS_ROOT}/Manifest.lock\" > /dev/null\nif [ $? != 0 ] ; then\n    # print error to STDERR\n    echo \"error: The sandbox is not in sync with the Podfile.lock. Run 'pod install' or update your CocoaPods installation.\" >&2\n    exit 1\nfi\n";
			showEnvVarsInLog = 0;
		};
		94E94FDD9DF570383A2A8D89 /* [CP] Copy Pods Resources */ = {
			isa = PBXShellScriptBuildPhase;
			buildActionMask = 2147483647;
			files = (
			);
			inputPaths = (
			);
			name = "[CP] Copy Pods Resources";
			outputPaths = (
			);
			runOnlyForDeploymentPostprocessing = 0;
			shellPath = /bin/sh;
			shellScript = "\"${SRCROOT}/Pods/Target Support Files/Pods-TestTaskK/Pods-TestTaskK-resources.sh\"\n";
			showEnvVarsInLog = 0;
		};
/* End PBXShellScriptBuildPhase section */

/* Begin PBXSourcesBuildPhase section */
		7113C8BC1F1230DB00E7A158 /* Sources */ = {
			isa = PBXSourcesBuildPhase;
			buildActionMask = 2147483647;
			files = (
				7113C8E41F12334F00E7A158 /* AKViewControllerCountry.m in Sources */,
				7113C8D11F1230DB00E7A158 /* TestTaskK.xcdatamodeld in Sources */,
				7113C8DF1F12311400E7A158 /* AKDataManager.m in Sources */,
				7113C8F01F123DAB00E7A158 /* AKCountryEntity+CoreDataClass.m in Sources */,
				7113C8C81F1230DB00E7A158 /* AppDelegate.m in Sources */,
				715307811F126CAA0033BDE9 /* AKViewControllerCity.m in Sources */,
				7113C8C51F1230DB00E7A158 /* main.m in Sources */,
				7113C8F11F123DAB00E7A158 /* AKCountryEntity+CoreDataProperties.m in Sources */,
				7113C8EE1F123DAB00E7A158 /* AKCityEntity+CoreDataClass.m in Sources */,
				7163625E1F12B6F800F80D71 /* AKViewControllerDescription.m in Sources */,
				7113C8EF1F123DAB00E7A158 /* AKCityEntity+CoreDataProperties.m in Sources */,
			);
			runOnlyForDeploymentPostprocessing = 0;
		};
/* End PBXSourcesBuildPhase section */

/* Begin PBXVariantGroup section */
		7113C8CC1F1230DB00E7A158 /* Main.storyboard */ = {
			isa = PBXVariantGroup;
			children = (
				7113C8CD1F1230DB00E7A158 /* Base */,
			);
			name = Main.storyboard;
			sourceTree = "<group>";
		};
		7113C8D41F1230DB00E7A158 /* LaunchScreen.storyboard */ = {
			isa = PBXVariantGroup;
			children = (
				7113C8D51F1230DB00E7A158 /* Base */,
			);
			name = LaunchScreen.storyboard;
			sourceTree = "<group>";
		};
/* End PBXVariantGroup section */

/* Begin XCBuildConfiguration section */
		7113C8D81F1230DB00E7A158 /* Debug */ = {
			isa = XCBuildConfiguration;
			buildSettings = {
				ALWAYS_SEARCH_USER_PATHS = NO;
				CLANG_ANALYZER_NONNULL = YES;
				CLANG_ANALYZER_NUMBER_OBJECT_CONVERSION = YES_AGGRESSIVE;
				CLANG_CXX_LANGUAGE_STANDARD = "gnu++0x";
				CLANG_CXX_LIBRARY = "libc++";
				CLANG_ENABLE_MODULES = YES;
				CLANG_ENABLE_OBJC_ARC = YES;
				CLANG_WARN_BOOL_CONVERSION = YES;
				CLANG_WARN_CONSTANT_CONVERSION = YES;
				CLANG_WARN_DIRECT_OBJC_ISA_USAGE = YES_ERROR;
				CLANG_WARN_DOCUMENTATION_COMMENTS = YES;
				CLANG_WARN_EMPTY_BODY = YES;
				CLANG_WARN_ENUM_CONVERSION = YES;
				CLANG_WARN_INFINITE_RECURSION = YES;
				CLANG_WARN_INT_CONVERSION = YES;
				CLANG_WARN_OBJC_ROOT_CLASS = YES_ERROR;
				CLANG_WARN_SUSPICIOUS_MOVE = YES;
				CLANG_WARN_UNREACHABLE_CODE = YES;
				CLANG_WARN__DUPLICATE_METHOD_MATCH = YES;
				"CODE_SIGN_IDENTITY[sdk=iphoneos*]" = "iPhone Developer";
				COPY_PHASE_STRIP = NO;
				DEBUG_INFORMATION_FORMAT = dwarf;
				ENABLE_STRICT_OBJC_MSGSEND = YES;
				ENABLE_TESTABILITY = YES;
				GCC_C_LANGUAGE_STANDARD = gnu99;
				GCC_DYNAMIC_NO_PIC = NO;
				GCC_NO_COMMON_BLOCKS = YES;
				GCC_OPTIMIZATION_LEVEL = 0;
				GCC_PREPROCESSOR_DEFINITIONS = (
					"DEBUG=1",
					"$(inherited)",
				);
				GCC_WARN_64_TO_32_BIT_CONVERSION = YES;
				GCC_WARN_ABOUT_RETURN_TYPE = YES_ERROR;
				GCC_WARN_UNDECLARED_SELECTOR = YES;
				GCC_WARN_UNINITIALIZED_AUTOS = YES_AGGRESSIVE;
				GCC_WARN_UNUSED_FUNCTION = YES;
				GCC_WARN_UNUSED_VARIABLE = YES;
				IPHONEOS_DEPLOYMENT_TARGET = 10.3;
				MTL_ENABLE_DEBUG_INFO = YES;
				ONLY_ACTIVE_ARCH = YES;
				SDKROOT = iphoneos;
			};
			name = Debug;
		};
		7113C8D91F1230DB00E7A158 /* Release */ = {
			isa = XCBuildConfiguration;
			buildSettings = {
				ALWAYS_SEARCH_USER_PATHS = NO;
				CLANG_ANALYZER_NONNULL = YES;
				CLANG_ANALYZER_NUMBER_OBJECT_CONVERSION = YES_AGGRESSIVE;
				CLANG_CXX_LANGUAGE_STANDARD = "gnu++0x";
				CLANG_CXX_LIBRARY = "libc++";
				CLANG_ENABLE_MODULES = YES;
				CLANG_ENABLE_OBJC_ARC = YES;
				CLANG_WARN_BOOL_CONVERSION = YES;
				CLANG_WARN_CONSTANT_CONVERSION = YES;
				CLANG_WARN_DIRECT_OBJC_ISA_USAGE = YES_ERROR;
				CLANG_WARN_DOCUMENTATION_COMMENTS = YES;
				CLANG_WARN_EMPTY_BODY = YES;
				CLANG_WARN_ENUM_CONVERSION = YES;
				CLANG_WARN_INFINITE_RECURSION = YES;
				CLANG_WARN_INT_CONVERSION = YES;
				CLANG_WARN_OBJC_ROOT_CLASS = YES_ERROR;
				CLANG_WARN_SUSPICIOUS_MOVE = YES;
				CLANG_WARN_UNREACHABLE_CODE = YES;
				CLANG_WARN__DUPLICATE_METHOD_MATCH = YES;
				"CODE_SIGN_IDENTITY[sdk=iphoneos*]" = "iPhone Developer";
				COPY_PHASE_STRIP = NO;
				DEBUG_INFORMATION_FORMAT = "dwarf-with-dsym";
				ENABLE_NS_ASSERTIONS = NO;
				ENABLE_STRICT_OBJC_MSGSEND = YES;
				GCC_C_LANGUAGE_STANDARD = gnu99;
				GCC_NO_COMMON_BLOCKS = YES;
				GCC_WARN_64_TO_32_BIT_CONVERSION = YES;
				GCC_WARN_ABOUT_RETURN_TYPE = YES_ERROR;
				GCC_WARN_UNDECLARED_SELECTOR = YES;
				GCC_WARN_UNINITIALIZED_AUTOS = YES_AGGRESSIVE;
				GCC_WARN_UNUSED_FUNCTION = YES;
				GCC_WARN_UNUSED_VARIABLE = YES;
				IPHONEOS_DEPLOYMENT_TARGET = 10.3;
				MTL_ENABLE_DEBUG_INFO = NO;
				SDKROOT = iphoneos;
				VALIDATE_PRODUCT = YES;
			};
			name = Release;
		};
		7113C8DB1F1230DB00E7A158 /* Debug */ = {
			isa = XCBuildConfiguration;
			baseConfigurationReference = 68CB59671961FC920F7A262A /* Pods-TestTaskK.debug.xcconfig */;
			buildSettings = {
				ASSETCATALOG_COMPILER_APPICON_NAME = AppIcon;
				DEVELOPMENT_TEAM = RAWS9LK9VU;
				INFOPLIST_FILE = TestTaskK/Info.plist;
				LD_RUNPATH_SEARCH_PATHS = "$(inherited) @executable_path/Frameworks";
				PRODUCT_BUNDLE_IDENTIFIER = Lesha.TestTaskK;
				PRODUCT_NAME = "$(TARGET_NAME)";
			};
			name = Debug;
		};
		7113C8DC1F1230DB00E7A158 /* Release */ = {
			isa = XCBuildConfiguration;
			baseConfigurationReference = B36411050CFFE542E47B14C8 /* Pods-TestTaskK.release.xcconfig */;
			buildSettings = {
				ASSETCATALOG_COMPILER_APPICON_NAME = AppIcon;
				DEVELOPMENT_TEAM = RAWS9LK9VU;
				INFOPLIST_FILE = TestTaskK/Info.plist;
				LD_RUNPATH_SEARCH_PATHS = "$(inherited) @executable_path/Frameworks";
				PRODUCT_BUNDLE_IDENTIFIER = Lesha.TestTaskK;
				PRODUCT_NAME = "$(TARGET_NAME)";
			};
			name = Release;
		};
/* End XCBuildConfiguration section */

/* Begin XCConfigurationList section */
		7113C8BB1F1230DB00E7A158 /* Build configuration list for PBXProject "TestTaskK" */ = {
			isa = XCConfigurationList;
			buildConfigurations = (
				7113C8D81F1230DB00E7A158 /* Debug */,
				7113C8D91F1230DB00E7A158 /* Release */,
			);
			defaultConfigurationIsVisible = 0;
			defaultConfigurationName = Release;
		};
		7113C8DA1F1230DB00E7A158 /* Build configuration list for PBXNativeTarget "TestTaskK" */ = {
			isa = XCConfigurationList;
			buildConfigurations = (
				7113C8DB1F1230DB00E7A158 /* Debug */,
				7113C8DC1F1230DB00E7A158 /* Release */,
			);
			defaultConfigurationIsVisible = 0;
			defaultConfigurationName = Release;
		};
/* End XCConfigurationList section */

/* Begin XCVersionGroup section */
		7113C8CF1F1230DB00E7A158 /* TestTaskK.xcdatamodeld */ = {
			isa = XCVersionGroup;
			children = (
				7113C8D01F1230DB00E7A158 /* TestTaskK.xcdatamodel */,
			);
			currentVersion = 7113C8D01F1230DB00E7A158 /* TestTaskK.xcdatamodel */;
			name = TestTaskK.xcdatamodeld;
			path = TestTaskK/TestTaskK.xcdatamodeld;
			sourceTree = "<group>";
			versionGroupType = wrapper.xcdatamodel;
		};
/* End XCVersionGroup section */
	};
	rootObject = 7113C8B81F1230DB00E7A158 /* Project object */;
}
